
Microsoft Visual Studio Solution File, Format Version 12.00
Project("{FAE04EC0-301F-11D3-BF4B-00C04F79EFBC}") = "Presentation", "Presentation\Presentation.csproj", "{78F8688F-A25A-4F61-AB4F-A2D75DDCD39A}"
EndProject
Project("{FAE04EC0-301F-11D3-BF4B-00C04F79EFBC}") = "Domain", "Domain\Domain.csproj", "{69E286E8-80DF-4942-87DF-34A8FD7DD8E5}"
EndProject
Project("{FAE04EC0-301F-11D3-BF4B-00C04F79EFBC}") = "Infrastructure", "Infrastructure\Infrastructure.csproj", "{F61966EC-5645-4FCA-A926-5A637B2DFBA2}"
EndProject
Project("{FAE04EC0-301F-11D3-BF4B-00C04F79EFBC}") = "Application", "Application\Application.csproj", "{82466B13-A9B1-46DB-AD33-7FBA3ED9C3FB}"
EndProject
Global
	GlobalSection(SolutionConfigurationPlatforms) = preSolution
		Debug|Any CPU = Debug|Any CPU
		Release|Any CPU = Release|Any CPU
	EndGlobalSection
	GlobalSection(ProjectConfigurationPlatforms) = postSolution
		{78F8688F-A25A-4F61-AB4F-A2D75DDCD39A}.Debug|Any CPU.ActiveCfg = Debug|Any CPU
		{78F8688F-A25A-4F61-AB4F-A2D75DDCD39A}.Debug|Any CPU.Build.0 = Debug|Any CPU
		{78F8688F-A25A-4F61-AB4F-A2D75DDCD39A}.Release|Any CPU.ActiveCfg = Release|Any CPU
		{78F8688F-A25A-4F61-AB4F-A2D75DDCD39A}.Release|Any CPU.Build.0 = Release|Any CPU
		{69E286E8-80DF-4942-87DF-34A8FD7DD8E5}.Debug|Any CPU.ActiveCfg = Debug|Any CPU
		{69E286E8-80DF-4942-87DF-34A8FD7DD8E5}.Debug|Any CPU.Build.0 = Debug|Any CPU
		{69E286E8-80DF-4942-87DF-34A8FD7DD8E5}.Release|Any CPU.ActiveCfg = Release|Any CPU
		{69E286E8-80DF-4942-87DF-34A8FD7DD8E5}.Release|Any CPU.Build.0 = Release|Any CPU
		{F61966EC-5645-4FCA-A926-5A637B2DFBA2}.Debug|Any CPU.ActiveCfg = Debug|Any CPU
		{F61966EC-5645-4FCA-A926-5A637B2DFBA2}.Debug|Any CPU.Build.0 = Debug|Any CPU
		{F61966EC-5645-4FCA-A926-5A637B2DFBA2}.Release|Any CPU.ActiveCfg = Release|Any CPU
		{F61966EC-5645-4FCA-A926-5A637B2DFBA2}.Release|Any CPU.Build.0 = Release|Any CPU
		{82466B13-A9B1-46DB-AD33-7FBA3ED9C3FB}.Debug|Any CPU.ActiveCfg = Debug|Any CPU
		{82466B13-A9B1-46DB-AD33-7FBA3ED9C3FB}.Debug|Any CPU.Build.0 = Debug|Any CPU
		{82466B13-A9B1-46DB-AD33-7FBA3ED9C3FB}.Release|Any CPU.ActiveCfg = Release|Any CPU
		{82466B13-A9B1-46DB-AD33-7FBA3ED9C3FB}.Release|Any CPU.Build.0 = Release|Any CPU
	EndGlobalSection
EndGlobal
